
Microsoft Visual Studio Solution File, Format Version 12.00
# Visual Studio Version 16
VisualStudioVersion = 16.0.30907.101
MinimumVisualStudioVersion = 10.0.40219.1
Project("{9A19103F-16F7-4668-BE54-9A1E7A4F7556}") = "NChainlink", "MChainlink.Core\NChainlink.csproj", "{7EC09307-57CC-4918-AF34-CB78FF9C33FC}"
EndProject
Project("{9A19103F-16F7-4668-BE54-9A1E7A4F7556}") = "MChainlink.Test", "MChainlink.Test\MChainlink.Test.csproj", "{B5B3E2C3-F5BA-4D22-91C6-D0A7C7F35953}"
EndProject
Global
	GlobalSection(SolutionConfigurationPlatforms) = preSolution
		Debug|Any CPU = Debug|Any CPU
		Release|Any CPU = Release|Any CPU
	EndGlobalSection
	GlobalSection(ProjectConfigurationPlatforms) = postSolution
		{7EC09307-57CC-4918-AF34-CB78FF9C33FC}.Debug|Any CPU.ActiveCfg = Debug|Any CPU
		{7EC09307-57CC-4918-AF34-CB78FF9C33FC}.Debug|Any CPU.Build.0 = Debug|Any CPU
		{7EC09307-57CC-4918-AF34-CB78FF9C33FC}.Release|Any CPU.ActiveCfg = Release|Any CPU
		{7EC09307-57CC-4918-AF34-CB78FF9C33FC}.Release|Any CPU.Build.0 = Release|Any CPU
		{B5B3E2C3-F5BA-4D22-91C6-D0A7C7F35953}.Debug|Any CPU.ActiveCfg = Debug|Any CPU
		{B5B3E2C3-F5BA-4D22-91C6-D0A7C7F35953}.Debug|Any CPU.Build.0 = Debug|Any CPU
		{B5B3E2C3-F5BA-4D22-91C6-D0A7C7F35953}.Release|Any CPU.ActiveCfg = Release|Any CPU
		{B5B3E2C3-F5BA-4D22-91C6-D0A7C7F35953}.Release|Any CPU.Build.0 = Release|Any CPU
	EndGlobalSection
	GlobalSection(SolutionProperties) = preSolution
		HideSolutionNode = FALSE
	EndGlobalSection
	GlobalSection(ExtensibilityGlobals) = postSolution
		SolutionGuid = {574BE61B-2536-4982-848C-D5E7D2F40AE3}
	EndGlobalSection
EndGlobal
